{
  "name": "autorizar_usuario",
  "version": "1.0.0",
  "lockfileVersion": 2,
  "requires": true,
  "packages": {
    "": {
      "name": "autorizar_usuario",
      "version": "1.0.0",
      "license": "ISC",
      "dependencies": {
        "dotenv": "^9.0.2",
        "nodemailer": "^6.6.1"
      }
    },
    "node_modules/dotenv": {
      "version": "9.0.2",
      "resolved": "https://registry.npmjs.org/dotenv/-/dotenv-9.0.2.tgz",
      "integrity": "sha512-I9OvvrHp4pIARv4+x9iuewrWycX6CcZtoAu1XrzPxc5UygMJXJZYmBsynku8IkrJwgypE5DGNjDPmPRhDCptUg==",
      "engines": {
        "node": ">=10"
      }
    },
    "node_modules/nodemailer": {
      "version": "6.6.1",
      "resolved": "https://registry.npmjs.org/nodemailer/-/nodemailer-6.6.1.tgz",
      "integrity": "sha512-1xzFN3gqv+/qJ6YRyxBxfTYstLNt0FCtZaFRvf4Sg9wxNGWbwFmGXVpfSi6ThGK6aRxAo+KjHtYSW8NvCsNSAg==",
      "engines": {
        "node": ">=6.0.0"
      }
    }
  },
  "dependencies": {
    "dotenv": {
      "version": "9.0.2",
      "resolved": "https://registry.npmjs.org/dotenv/-/dotenv-9.0.2.tgz",
      "integrity": "sha512-I9OvvrHp4pIARv4+x9iuewrWycX6CcZtoAu1XrzPxc5UygMJXJZYmBsynku8IkrJwgypE5DGNjDPmPRhDCptUg=="
    },
    "nodemailer": {
      "version": "6.6.1",
      "resolved": "https://registry.npmjs.org/nodemailer/-/nodemailer-6.6.1.tgz",
      "integrity": "sha512-1xzFN3gqv+/qJ6YRyxBxfTYstLNt0FCtZaFRvf4Sg9wxNGWbwFmGXVpfSi6ThGK6aRxAo+KjHtYSW8NvCsNSAg=="
    }
  }
}
